
Microsoft Visual Studio Solution File, Format Version 12.00
# Visual Studio 15
VisualStudioVersion = 15.0.28010.2050
MinimumVisualStudioVersion = 10.0.40219.1
Project("{FAE04EC0-301F-11D3-BF4B-00C04F79EFBC}") = "CoffeeShopLab", "CoffeeShopLab\CoffeeShopLab.csproj", "{9205EE98-C885-449B-B4FA-892796A0C96A}"
EndProject
Global
	GlobalSection(SolutionConfigurationPlatforms) = preSolution
		Debug|Any CPU = Debug|Any CPU
		Release|Any CPU = Release|Any CPU
	EndGlobalSection
	GlobalSection(ProjectConfigurationPlatforms) = postSolution
		{9205EE98-C885-449B-B4FA-892796A0C96A}.Debug|Any CPU.ActiveCfg = Debug|Any CPU
		{9205EE98-C885-449B-B4FA-892796A0C96A}.Debug|Any CPU.Build.0 = Debug|Any CPU
		{9205EE98-C885-449B-B4FA-892796A0C96A}.Release|Any CPU.ActiveCfg = Release|Any CPU
		{9205EE98-C885-449B-B4FA-892796A0C96A}.Release|Any CPU.Build.0 = Release|Any CPU
	EndGlobalSection
	GlobalSection(SolutionProperties) = preSolution
		HideSolutionNode = FALSE
	EndGlobalSection
	GlobalSection(ExtensibilityGlobals) = postSolution
		SolutionGuid = {7628329D-1F9A-4668-A861-5D4E1BE51257}
	EndGlobalSection
EndGlobal
